# This file is generated by running "yarn install" inside your project.
# Manual changes might be lost - proceed with caution!

__metadata:
  version: 6
  cacheKey: 8

"@esbuild/aix-ppc64@npm:0.25.5":
  version: 0.25.5
  resolution: "@esbuild/aix-ppc64@npm:0.25.5"
  conditions: os=aix & cpu=ppc64
  languageName: node
  linkType: hard

"@esbuild/android-arm64@npm:0.25.5":
  version: 0.25.5
  resolution: "@esbuild/android-arm64@npm:0.25.5"
  conditions: os=android & cpu=arm64
  languageName: node
  linkType: hard

"@esbuild/android-arm@npm:0.25.5":
  version: 0.25.5
  resolution: "@esbuild/android-arm@npm:0.25.5"
  conditions: os=android & cpu=arm
  languageName: node
  linkType: hard

"@esbuild/android-x64@npm:0.25.5":
  version: 0.25.5
  resolution: "@esbuild/android-x64@npm:0.25.5"
  conditions: os=android & cpu=x64
  languageName: node
  linkType: hard

"@esbuild/darwin-arm64@npm:0.25.5":
  version: 0.25.5
  resolution: "@esbuild/darwin-arm64@npm:0.25.5"
  conditions: os=darwin & cpu=arm64
  languageName: node
  linkType: hard

"@esbuild/darwin-x64@npm:0.25.5":
  version: 0.25.5
  resolution: "@esbuild/darwin-x64@npm:0.25.5"
  conditions: os=darwin & cpu=x64
  languageName: node
  linkType: hard

"@esbuild/freebsd-arm64@npm:0.25.5":
  version: 0.25.5
  resolution: "@esbuild/freebsd-arm64@npm:0.25.5"
  conditions: os=freebsd & cpu=arm64
  languageName: node
  linkType: hard

"@esbuild/freebsd-x64@npm:0.25.5":
  version: 0.25.5
  resolution: "@esbuild/freebsd-x64@npm:0.25.5"
  conditions: os=freebsd & cpu=x64
  languageName: node
  linkType: hard

"@esbuild/linux-arm64@npm:0.25.5":
  version: 0.25.5
  resolution: "@esbuild/linux-arm64@npm:0.25.5"
  conditions: os=linux & cpu=arm64
  languageName: node
  linkType: hard

"@esbuild/linux-arm@npm:0.25.5":
  version: 0.25.5
  resolution: "@esbuild/linux-arm@npm:0.25.5"
  conditions: os=linux & cpu=arm
  languageName: node
  linkType: hard

"@esbuild/linux-ia32@npm:0.25.5":
  version: 0.25.5
  resolution: "@esbuild/linux-ia32@npm:0.25.5"
  conditions: os=linux & cpu=ia32
  languageName: node
  linkType: hard

"@esbuild/linux-loong64@npm:0.25.5":
  version: 0.25.5
  resolution: "@esbuild/linux-loong64@npm:0.25.5"
  conditions: os=linux & cpu=loong64
  languageName: node
  linkType: hard

"@esbuild/linux-mips64el@npm:0.25.5":
  version: 0.25.5
  resolution: "@esbuild/linux-mips64el@npm:0.25.5"
  conditions: os=linux & cpu=mips64el
  languageName: node
  linkType: hard

"@esbuild/linux-ppc64@npm:0.25.5":
  version: 0.25.5
  resolution: "@esbuild/linux-ppc64@npm:0.25.5"
  conditions: os=linux & cpu=ppc64
  languageName: node
  linkType: hard

"@esbuild/linux-riscv64@npm:0.25.5":
  version: 0.25.5
  resolution: "@esbuild/linux-riscv64@npm:0.25.5"
  conditions: os=linux & cpu=riscv64
  languageName: node
  linkType: hard

"@esbuild/linux-s390x@npm:0.25.5":
  version: 0.25.5
  resolution: "@esbuild/linux-s390x@npm:0.25.5"
  conditions: os=linux & cpu=s390x
  languageName: node
  linkType: hard

"@esbuild/linux-x64@npm:0.25.5":
  version: 0.25.5
  resolution: "@esbuild/linux-x64@npm:0.25.5"
  conditions: os=linux & cpu=x64
  languageName: node
  linkType: hard

"@esbuild/netbsd-arm64@npm:0.25.5":
  version: 0.25.5
  resolution: "@esbuild/netbsd-arm64@npm:0.25.5"
  conditions: os=netbsd & cpu=arm64
  languageName: node
  linkType: hard

"@esbuild/netbsd-x64@npm:0.25.5":
  version: 0.25.5
  resolution: "@esbuild/netbsd-x64@npm:0.25.5"
  conditions: os=netbsd & cpu=x64
  languageName: node
  linkType: hard

"@esbuild/openbsd-arm64@npm:0.25.5":
  version: 0.25.5
  resolution: "@esbuild/openbsd-arm64@npm:0.25.5"
  conditions: os=openbsd & cpu=arm64
  languageName: node
  linkType: hard

"@esbuild/openbsd-x64@npm:0.25.5":
  version: 0.25.5
  resolution: "@esbuild/openbsd-x64@npm:0.25.5"
  conditions: os=openbsd & cpu=x64
  languageName: node
  linkType: hard

"@esbuild/sunos-x64@npm:0.25.5":
  version: 0.25.5
  resolution: "@esbuild/sunos-x64@npm:0.25.5"
  conditions: os=sunos & cpu=x64
  languageName: node
  linkType: hard

"@esbuild/win32-arm64@npm:0.25.5":
  version: 0.25.5
  resolution: "@esbuild/win32-arm64@npm:0.25.5"
  conditions: os=win32 & cpu=arm64
  languageName: node
  linkType: hard

"@esbuild/win32-ia32@npm:0.25.5":
  version: 0.25.5
  resolution: "@esbuild/win32-ia32@npm:0.25.5"
  conditions: os=win32 & cpu=ia32
  languageName: node
  linkType: hard

"@esbuild/win32-x64@npm:0.25.5":
  version: 0.25.5
  resolution: "@esbuild/win32-x64@npm:0.25.5"
  conditions: os=win32 & cpu=x64
  languageName: node
  linkType: hard

"@extism/js-pdk@npm:^1.1.1":
  version: 1.1.1
  resolution: "@extism/js-pdk@npm:1.1.1"
  dependencies:
    urlpattern-polyfill: ^8.0.2
  checksum: 3c1ccfa1ac605441db2fedf49e415a5a7bf85aeb305c3a763578fbc63c0f46f876e5a6a0e115bf87fe60185282055d6547bb57ccc0c4bc0deddd50433fe205cb
  languageName: node
  linkType: hard

"cross-env@npm:^7.0.3":
  version: 7.0.3
  resolution: "cross-env@npm:7.0.3"
  dependencies:
    cross-spawn: ^7.0.1
  bin:
    cross-env: src/bin/cross-env.js
    cross-env-shell: src/bin/cross-env-shell.js
  checksum: 26f2f3ea2ab32617f57effb70d329c2070d2f5630adc800985d8b30b56e8bf7f5f439dd3a0358b79cee6f930afc23cf8e23515f17ccfb30092c6b62c6b630a79
  languageName: node
  linkType: hard

"cross-spawn@npm:^7.0.1":
  version: 7.0.6
  resolution: "cross-spawn@npm:7.0.6"
  dependencies:
    path-key: ^3.1.0
    shebang-command: ^2.0.0
    which: ^2.0.1
  checksum: 8d306efacaf6f3f60e0224c287664093fa9185680b2d195852ba9a863f85d02dcc737094c6e512175f8ee0161f9b87c73c6826034c2422e39de7d6569cf4503b
  languageName: node
  linkType: hard

"esbuild@npm:^0.25.5":
  version: 0.25.5
  resolution: "esbuild@npm:0.25.5"
  dependencies:
    "@esbuild/aix-ppc64": 0.25.5
    "@esbuild/android-arm": 0.25.5
    "@esbuild/android-arm64": 0.25.5
    "@esbuild/android-x64": 0.25.5
    "@esbuild/darwin-arm64": 0.25.5
    "@esbuild/darwin-x64": 0.25.5
    "@esbuild/freebsd-arm64": 0.25.5
    "@esbuild/freebsd-x64": 0.25.5
    "@esbuild/linux-arm": 0.25.5
    "@esbuild/linux-arm64": 0.25.5
    "@esbuild/linux-ia32": 0.25.5
    "@esbuild/linux-loong64": 0.25.5
    "@esbuild/linux-mips64el": 0.25.5
    "@esbuild/linux-ppc64": 0.25.5
    "@esbuild/linux-riscv64": 0.25.5
    "@esbuild/linux-s390x": 0.25.5
    "@esbuild/linux-x64": 0.25.5
    "@esbuild/netbsd-arm64": 0.25.5
    "@esbuild/netbsd-x64": 0.25.5
    "@esbuild/openbsd-arm64": 0.25.5
    "@esbuild/openbsd-x64": 0.25.5
    "@esbuild/sunos-x64": 0.25.5
    "@esbuild/win32-arm64": 0.25.5
    "@esbuild/win32-ia32": 0.25.5
    "@esbuild/win32-x64": 0.25.5
  dependenciesMeta:
    "@esbuild/aix-ppc64":
      optional: true
    "@esbuild/android-arm":
      optional: true
    "@esbuild/android-arm64":
      optional: true
    "@esbuild/android-x64":
      optional: true
    "@esbuild/darwin-arm64":
      optional: true
    "@esbuild/darwin-x64":
      optional: true
    "@esbuild/freebsd-arm64":
      optional: true
    "@esbuild/freebsd-x64":
      optional: true
    "@esbuild/linux-arm":
      optional: true
    "@esbuild/linux-arm64":
      optional: true
    "@esbuild/linux-ia32":
      optional: true
    "@esbuild/linux-loong64":
      optional: true
    "@esbuild/linux-mips64el":
      optional: true
    "@esbuild/linux-ppc64":
      optional: true
    "@esbuild/linux-riscv64":
      optional: true
    "@esbuild/linux-s390x":
      optional: true
    "@esbuild/linux-x64":
      optional: true
    "@esbuild/netbsd-arm64":
      optional: true
    "@esbuild/netbsd-x64":
      optional: true
    "@esbuild/openbsd-arm64":
      optional: true
    "@esbuild/openbsd-x64":
      optional: true
    "@esbuild/sunos-x64":
      optional: true
    "@esbuild/win32-arm64":
      optional: true
    "@esbuild/win32-ia32":
      optional: true
    "@esbuild/win32-x64":
      optional: true
  bin:
    esbuild: bin/esbuild
  checksum: 2aa6f47c27a2f0fbf1e2eeed1df6c5449750ef598b9b49c95d8b654ec04423b70064de4f85a9e879c363402eb4f2fad59f37c996c329df1dc514b10f8ae76dd0
  languageName: node
  linkType: hard

"isexe@npm:^2.0.0":
  version: 2.0.0
  resolution: "isexe@npm:2.0.0"
  checksum: 26bf6c5480dda5161c820c5b5c751ae1e766c587b1f951ea3fcfc973bafb7831ae5b54a31a69bd670220e42e99ec154475025a468eae58ea262f813fdc8d1c62
  languageName: node
  linkType: hard

"path-key@npm:^3.1.0":
  version: 3.1.1
  resolution: "path-key@npm:3.1.1"
  checksum: 55cd7a9dd4b343412a8386a743f9c746ef196e57c823d90ca3ab917f90ab9f13dd0ded27252ba49dbdfcab2b091d998bc446f6220cd3cea65db407502a740020
  languageName: node
  linkType: hard

"shebang-command@npm:^2.0.0":
  version: 2.0.0
  resolution: "shebang-command@npm:2.0.0"
  dependencies:
    shebang-regex: ^3.0.0
  checksum: 6b52fe87271c12968f6a054e60f6bde5f0f3d2db483a1e5c3e12d657c488a15474121a1d55cd958f6df026a54374ec38a4a963988c213b7570e1d51575cea7fa
  languageName: node
  linkType: hard

"shebang-regex@npm:^3.0.0":
  version: 3.0.0
  resolution: "shebang-regex@npm:3.0.0"
  checksum: 1a2bcae50de99034fcd92ad4212d8e01eedf52c7ec7830eedcf886622804fe36884278f2be8be0ea5fde3fd1c23911643a4e0f726c8685b61871c8908af01222
  languageName: node
  linkType: hard

"ts-example@workspace:.":
  version: 0.0.0-use.local
  resolution: "ts-example@workspace:."
  dependencies:
    "@extism/js-pdk": ^1.1.1
    cross-env: ^7.0.3
    esbuild: ^0.25.5
    typescript: ^5.8.3
  languageName: unknown
  linkType: soft

"typescript@npm:^5.8.3":
  version: 5.8.3
  resolution: "typescript@npm:5.8.3"
  bin:
    tsc: bin/tsc
    tsserver: bin/tsserver
  checksum: cb1d081c889a288b962d3c8ae18d337ad6ee88a8e81ae0103fa1fecbe923737f3ba1dbdb3e6d8b776c72bc73bfa6d8d850c0306eed1a51377d2fccdfd75d92c4
  languageName: node
  linkType: hard

"typescript@patch:typescript@^5.8.3#~builtin<compat/typescript>":
  version: 5.8.3
  resolution: "typescript@patch:typescript@npm%3A5.8.3#~builtin<compat/typescript>::version=5.8.3&hash=bda367"
  bin:
    tsc: bin/tsc
    tsserver: bin/tsserver
  checksum: 1b503525a88ff0ff5952e95870971c4fb2118c17364d60302c21935dedcd6c37e6a0a692f350892bafcef6f4a16d09073fe461158547978d2f16fbe4cb18581c
  languageName: node
  linkType: hard

"urlpattern-polyfill@npm:^8.0.2":
  version: 8.0.2
  resolution: "urlpattern-polyfill@npm:8.0.2"
  checksum: d2cc0905a613c77e330c426e8697ee522dd9640eda79ac51160a0f6350e103f09b8c327623880989f8ba7325e8d95267b745aa280fdcc2aead80b023e16bd09d
  languageName: node
  linkType: hard

"which@npm:^2.0.1":
  version: 2.0.2
  resolution: "which@npm:2.0.2"
  dependencies:
    isexe: ^2.0.0
  bin:
    node-which: ./bin/node-which
  checksum: 1a5c563d3c1b52d5f893c8b61afe11abc3bab4afac492e8da5bde69d550de701cf9806235f20a47b5c8fa8a1d6a9135841de2596535e998027a54589000e66d1
  languageName: node
  linkType: hard
