
Microsoft Visual Studio Solution File, Format Version 12.00
# Visual Studio 15
VisualStudioVersion = 15.0.27703.2035
MinimumVisualStudioVersion = 10.0.40219.1
Project("{9A19103F-16F7-4668-BE54-9A1E7A4F7556}") = "ClassicUO.Network", "ClassicUO.Network\ClassicUO.Network.csproj", "{153B2045-27B2-49E3-9CD9-A383FA4A8698}"
EndProject
Project("{FAE04EC0-301F-11D3-BF4B-00C04F79EFBC}") = "Sample", "Sample\Sample.csproj", "{3C85A5D7-A17E-4A05-BC55-41D35949EEE9}"
	ProjectSection(ProjectDependencies) = postProject
		{153B2045-27B2-49E3-9CD9-A383FA4A8698} = {153B2045-27B2-49E3-9CD9-A383FA4A8698}
	EndProjectSection
EndProject
Global
	GlobalSection(SolutionConfigurationPlatforms) = preSolution
		Debug|Any CPU = Debug|Any CPU
		Release|Any CPU = Release|Any CPU
	EndGlobalSection
	GlobalSection(ProjectConfigurationPlatforms) = postSolution
		{153B2045-27B2-49E3-9CD9-A383FA4A8698}.Debug|Any CPU.ActiveCfg = Debug|Any CPU
		{153B2045-27B2-49E3-9CD9-A383FA4A8698}.Debug|Any CPU.Build.0 = Debug|Any CPU
		{153B2045-27B2-49E3-9CD9-A383FA4A8698}.Release|Any CPU.ActiveCfg = Release|Any CPU
		{153B2045-27B2-49E3-9CD9-A383FA4A8698}.Release|Any CPU.Build.0 = Release|Any CPU
		{3C85A5D7-A17E-4A05-BC55-41D35949EEE9}.Debug|Any CPU.ActiveCfg = Debug|Any CPU
		{3C85A5D7-A17E-4A05-BC55-41D35949EEE9}.Debug|Any CPU.Build.0 = Debug|Any CPU
		{3C85A5D7-A17E-4A05-BC55-41D35949EEE9}.Release|Any CPU.ActiveCfg = Release|Any CPU
		{3C85A5D7-A17E-4A05-BC55-41D35949EEE9}.Release|Any CPU.Build.0 = Release|Any CPU
	EndGlobalSection
	GlobalSection(SolutionProperties) = preSolution
		HideSolutionNode = FALSE
	EndGlobalSection
	GlobalSection(ExtensibilityGlobals) = postSolution
		SolutionGuid = {1DF9D938-8259-4DCC-B575-3930E0B16CAA}
	EndGlobalSection
EndGlobal
