
Microsoft Visual Studio Solution File, Format Version 12.00
# Visual Studio Version 16
VisualStudioVersion = 16.0.29609.76
MinimumVisualStudioVersion = 10.0.40219.1
Project("{2150E333-8FDC-42A3-9474-1A3956D46DE8}") = "src", "src", "{36371756-8DDA-41A4-BB9A-B7651459ADC1}"
	ProjectSection(SolutionItems) = preProject
		README.md = README.md
	EndProjectSection
EndProject
Project("{9A19103F-16F7-4668-BE54-9A1E7A4F7556}") = "ClassicUO", "src\ClassicUO.csproj", "{71F289FA-0EF8-4F72-A26E-A8280C0931C5}"
EndProject
Project("{2150E333-8FDC-42A3-9474-1A3956D46DE8}") = "scripts", "scripts", "{FD7202D2-B96B-4425-8C61-F0D5254A06F7}"
	ProjectSection(SolutionItems) = preProject
		scripts\build.cmd = scripts\build.cmd
		scripts\build.sh = scripts\build.sh
	EndProjectSection
EndProject
Project("{2150E333-8FDC-42A3-9474-1A3956D46DE8}") = "tools", "tools", "{D5E764E7-2719-4937-AC10-0D2D789A1134}"
EndProject
Project("{9A19103F-16F7-4668-BE54-9A1E7A4F7556}") = "ManifestCreator", "tools\ManifestCreator\ManifestCreator.csproj", "{71196848-ED41-4A9A-944C-F5776A9EFA07}"
EndProject
Project("{2150E333-8FDC-42A3-9474-1A3956D46DE8}") = "monokickstart", "monokickstart", "{D7DD340F-1EE2-4F8A-AA3E-A8FC76098AD6}"
	ProjectSection(SolutionItems) = preProject
		tools\monokickstart\Accessibility.dll = tools\monokickstart\Accessibility.dll
		tools\monokickstart\ClassicUO = tools\monokickstart\ClassicUO
		tools\monokickstart\ClassicUO.bin.osx = tools\monokickstart\ClassicUO.bin.osx
		tools\monokickstart\ClassicUO.bin.x86_64 = tools\monokickstart\ClassicUO.bin.x86_64
		tools\monokickstart\Microsoft.CSharp.dll = tools\monokickstart\Microsoft.CSharp.dll
		tools\monokickstart\Mono.Posix.dll = tools\monokickstart\Mono.Posix.dll
		tools\monokickstart\Mono.Security.dll = tools\monokickstart\Mono.Security.dll
		tools\monokickstart\monoconfig = tools\monokickstart\monoconfig
		tools\monokickstart\monomachineconfig = tools\monokickstart\monomachineconfig
		tools\monokickstart\mscorlib.dll = tools\monokickstart\mscorlib.dll
		tools\monokickstart\Newtonsoft.Json.dll = tools\monokickstart\Newtonsoft.Json.dll
		tools\monokickstart\System.Configuration.dll = tools\monokickstart\System.Configuration.dll
		tools\monokickstart\System.Core.dll = tools\monokickstart\System.Core.dll
		tools\monokickstart\System.Data.dll = tools\monokickstart\System.Data.dll
		tools\monokickstart\System.dll = tools\monokickstart\System.dll
		tools\monokickstart\System.Drawing.dll = tools\monokickstart\System.Drawing.dll
		tools\monokickstart\System.IO.Compression.dll = tools\monokickstart\System.IO.Compression.dll
		tools\monokickstart\System.IO.Compression.FileSystem.dll = tools\monokickstart\System.IO.Compression.FileSystem.dll
		tools\monokickstart\System.Numerics.dll = tools\monokickstart\System.Numerics.dll
		tools\monokickstart\System.Runtime.Serialization.dll = tools\monokickstart\System.Runtime.Serialization.dll
		tools\monokickstart\System.Security.dll = tools\monokickstart\System.Security.dll
		tools\monokickstart\System.Windows.Forms.dll = tools\monokickstart\System.Windows.Forms.dll
		tools\monokickstart\System.Xml.dll = tools\monokickstart\System.Xml.dll
		tools\monokickstart\System.Xml.Linq.dll = tools\monokickstart\System.Xml.Linq.dll
	EndProjectSection
EndProject
Project("{2150E333-8FDC-42A3-9474-1A3956D46DE8}") = "settings", "settings", "{21AF20E5-1A3A-414D-9B1F-AB8F3800E567}"
	ProjectSection(SolutionItems) = preProject
		ClassicUO.licenseheader = ClassicUO.licenseheader
		ClassicUO.sln.DotSettings = ClassicUO.sln.DotSettings
		FNA.Settings.props = FNA.Settings.props
	EndProjectSection
EndProject
Project("{2150E333-8FDC-42A3-9474-1A3956D46DE8}") = "tests", "tests", "{B766E918-7350-473A-B28D-63C344385924}"
EndProject
Project("{9A19103F-16F7-4668-BE54-9A1E7A4F7556}") = "ClassicUO.UnitTests", "tests\ClassicUO.UnitTests\ClassicUO.UnitTests.csproj", "{85972CEA-4AB1-45DC-922C-00C4E17764B5}"
EndProject
Project("{9A19103F-16F7-4668-BE54-9A1E7A4F7556}") = "FNA.Core", "external\FNA\FNA.Core.csproj", "{3F9AB6CE-3AD1-40B6-B2AA-C4D82F76258F}"
EndProject
Project("{9A19103F-16F7-4668-BE54-9A1E7A4F7556}") = "MP3Sharp", "external\MP3Sharp\MP3Sharp\MP3Sharp.csproj", "{60BE822B-F1EB-422C-9477-C71AB6165583}"
EndProject
Global
	GlobalSection(SolutionConfigurationPlatforms) = preSolution
		Debug|Any CPU = Debug|Any CPU
		Debug|x64 = Debug|x64
		Debug|x86 = Debug|x86
		Debug-x64|Any CPU = Debug-x64|Any CPU
		Debug-x64|x64 = Debug-x64|x64
		Debug-x64|x86 = Debug-x64|x86
		Release|Any CPU = Release|Any CPU
		Release|x64 = Release|x64
		Release|x86 = Release|x86
	EndGlobalSection
	GlobalSection(ProjectConfigurationPlatforms) = postSolution
		{71F289FA-0EF8-4F72-A26E-A8280C0931C5}.Debug|Any CPU.ActiveCfg = Debug|Any CPU
		{71F289FA-0EF8-4F72-A26E-A8280C0931C5}.Debug|Any CPU.Build.0 = Debug|Any CPU
		{71F289FA-0EF8-4F72-A26E-A8280C0931C5}.Debug|x64.ActiveCfg = Debug|Any CPU
		{71F289FA-0EF8-4F72-A26E-A8280C0931C5}.Debug|x64.Build.0 = Debug|Any CPU
		{71F289FA-0EF8-4F72-A26E-A8280C0931C5}.Debug|x86.ActiveCfg = Debug|Any CPU
		{71F289FA-0EF8-4F72-A26E-A8280C0931C5}.Debug|x86.Build.0 = Debug|Any CPU
		{71F289FA-0EF8-4F72-A26E-A8280C0931C5}.Debug-x64|Any CPU.ActiveCfg = Debug|Any CPU
		{71F289FA-0EF8-4F72-A26E-A8280C0931C5}.Debug-x64|Any CPU.Build.0 = Debug|Any CPU
		{71F289FA-0EF8-4F72-A26E-A8280C0931C5}.Debug-x64|x64.ActiveCfg = Debug|Any CPU
		{71F289FA-0EF8-4F72-A26E-A8280C0931C5}.Debug-x64|x64.Build.0 = Debug|Any CPU
		{71F289FA-0EF8-4F72-A26E-A8280C0931C5}.Debug-x64|x86.ActiveCfg = Debug|Any CPU
		{71F289FA-0EF8-4F72-A26E-A8280C0931C5}.Debug-x64|x86.Build.0 = Debug|Any CPU
		{71F289FA-0EF8-4F72-A26E-A8280C0931C5}.Release|Any CPU.ActiveCfg = Release|Any CPU
		{71F289FA-0EF8-4F72-A26E-A8280C0931C5}.Release|Any CPU.Build.0 = Release|Any CPU
		{71F289FA-0EF8-4F72-A26E-A8280C0931C5}.Release|x64.ActiveCfg = Release|Any CPU
		{71F289FA-0EF8-4F72-A26E-A8280C0931C5}.Release|x64.Build.0 = Release|Any CPU
		{71F289FA-0EF8-4F72-A26E-A8280C0931C5}.Release|x86.ActiveCfg = Release|Any CPU
		{71F289FA-0EF8-4F72-A26E-A8280C0931C5}.Release|x86.Build.0 = Release|Any CPU
		{71196848-ED41-4A9A-944C-F5776A9EFA07}.Debug|Any CPU.ActiveCfg = Debug|Any CPU
		{71196848-ED41-4A9A-944C-F5776A9EFA07}.Debug|Any CPU.Build.0 = Debug|Any CPU
		{71196848-ED41-4A9A-944C-F5776A9EFA07}.Debug|x64.ActiveCfg = Debug|Any CPU
		{71196848-ED41-4A9A-944C-F5776A9EFA07}.Debug|x86.ActiveCfg = Debug|Any CPU
		{71196848-ED41-4A9A-944C-F5776A9EFA07}.Debug|x86.Build.0 = Debug|Any CPU
		{71196848-ED41-4A9A-944C-F5776A9EFA07}.Debug-x64|Any CPU.ActiveCfg = Debug|Any CPU
		{71196848-ED41-4A9A-944C-F5776A9EFA07}.Debug-x64|Any CPU.Build.0 = Debug|Any CPU
		{71196848-ED41-4A9A-944C-F5776A9EFA07}.Debug-x64|x64.ActiveCfg = Debug|Any CPU
		{71196848-ED41-4A9A-944C-F5776A9EFA07}.Debug-x64|x64.Build.0 = Debug|Any CPU
		{71196848-ED41-4A9A-944C-F5776A9EFA07}.Debug-x64|x86.ActiveCfg = Debug|Any CPU
		{71196848-ED41-4A9A-944C-F5776A9EFA07}.Debug-x64|x86.Build.0 = Debug|Any CPU
		{71196848-ED41-4A9A-944C-F5776A9EFA07}.Release|Any CPU.ActiveCfg = Release|Any CPU
		{71196848-ED41-4A9A-944C-F5776A9EFA07}.Release|Any CPU.Build.0 = Release|Any CPU
		{71196848-ED41-4A9A-944C-F5776A9EFA07}.Release|x64.ActiveCfg = Release|Any CPU
		{71196848-ED41-4A9A-944C-F5776A9EFA07}.Release|x86.ActiveCfg = Release|Any CPU
		{71196848-ED41-4A9A-944C-F5776A9EFA07}.Release|x86.Build.0 = Release|Any CPU
		{85972CEA-4AB1-45DC-922C-00C4E17764B5}.Debug|Any CPU.ActiveCfg = Debug|Any CPU
		{85972CEA-4AB1-45DC-922C-00C4E17764B5}.Debug|Any CPU.Build.0 = Debug|Any CPU
		{85972CEA-4AB1-45DC-922C-00C4E17764B5}.Debug|x64.ActiveCfg = Debug|Any CPU
		{85972CEA-4AB1-45DC-922C-00C4E17764B5}.Debug|x64.Build.0 = Debug|Any CPU
		{85972CEA-4AB1-45DC-922C-00C4E17764B5}.Debug|x86.ActiveCfg = Debug|Any CPU
		{85972CEA-4AB1-45DC-922C-00C4E17764B5}.Debug|x86.Build.0 = Debug|Any CPU
		{85972CEA-4AB1-45DC-922C-00C4E17764B5}.Debug-x64|Any CPU.ActiveCfg = Debug|Any CPU
		{85972CEA-4AB1-45DC-922C-00C4E17764B5}.Debug-x64|Any CPU.Build.0 = Debug|Any CPU
		{85972CEA-4AB1-45DC-922C-00C4E17764B5}.Debug-x64|x64.ActiveCfg = Debug|Any CPU
		{85972CEA-4AB1-45DC-922C-00C4E17764B5}.Debug-x64|x64.Build.0 = Debug|Any CPU
		{85972CEA-4AB1-45DC-922C-00C4E17764B5}.Debug-x64|x86.ActiveCfg = Debug|Any CPU
		{85972CEA-4AB1-45DC-922C-00C4E17764B5}.Debug-x64|x86.Build.0 = Debug|Any CPU
		{85972CEA-4AB1-45DC-922C-00C4E17764B5}.Release|Any CPU.ActiveCfg = Release|Any CPU
		{85972CEA-4AB1-45DC-922C-00C4E17764B5}.Release|Any CPU.Build.0 = Release|Any CPU
		{85972CEA-4AB1-45DC-922C-00C4E17764B5}.Release|x64.ActiveCfg = Release|Any CPU
		{85972CEA-4AB1-45DC-922C-00C4E17764B5}.Release|x64.Build.0 = Release|Any CPU
		{85972CEA-4AB1-45DC-922C-00C4E17764B5}.Release|x86.ActiveCfg = Release|Any CPU
		{85972CEA-4AB1-45DC-922C-00C4E17764B5}.Release|x86.Build.0 = Release|Any CPU
		{3F9AB6CE-3AD1-40B6-B2AA-C4D82F76258F}.Debug|Any CPU.ActiveCfg = Debug|x64
		{3F9AB6CE-3AD1-40B6-B2AA-C4D82F76258F}.Debug|Any CPU.Build.0 = Debug|x64
		{3F9AB6CE-3AD1-40B6-B2AA-C4D82F76258F}.Debug|x64.ActiveCfg = Debug|x64
		{3F9AB6CE-3AD1-40B6-B2AA-C4D82F76258F}.Debug|x64.Build.0 = Debug|x64
		{3F9AB6CE-3AD1-40B6-B2AA-C4D82F76258F}.Debug|x86.ActiveCfg = Debug|x64
		{3F9AB6CE-3AD1-40B6-B2AA-C4D82F76258F}.Debug|x86.Build.0 = Debug|x64
		{3F9AB6CE-3AD1-40B6-B2AA-C4D82F76258F}.Debug-x64|Any CPU.ActiveCfg = Release|x64
		{3F9AB6CE-3AD1-40B6-B2AA-C4D82F76258F}.Debug-x64|Any CPU.Build.0 = Release|x64
		{3F9AB6CE-3AD1-40B6-B2AA-C4D82F76258F}.Debug-x64|x64.ActiveCfg = Debug|x64
		{3F9AB6CE-3AD1-40B6-B2AA-C4D82F76258F}.Debug-x64|x64.Build.0 = Debug|x64
		{3F9AB6CE-3AD1-40B6-B2AA-C4D82F76258F}.Debug-x64|x86.ActiveCfg = Release|x64
		{3F9AB6CE-3AD1-40B6-B2AA-C4D82F76258F}.Debug-x64|x86.Build.0 = Release|x64
		{3F9AB6CE-3AD1-40B6-B2AA-C4D82F76258F}.Release|Any CPU.ActiveCfg = Release|x64
		{3F9AB6CE-3AD1-40B6-B2AA-C4D82F76258F}.Release|Any CPU.Build.0 = Release|x64
		{3F9AB6CE-3AD1-40B6-B2AA-C4D82F76258F}.Release|x64.ActiveCfg = Release|x64
		{3F9AB6CE-3AD1-40B6-B2AA-C4D82F76258F}.Release|x64.Build.0 = Release|x64
		{3F9AB6CE-3AD1-40B6-B2AA-C4D82F76258F}.Release|x86.ActiveCfg = Release|x64
		{3F9AB6CE-3AD1-40B6-B2AA-C4D82F76258F}.Release|x86.Build.0 = Release|x64
		{60BE822B-F1EB-422C-9477-C71AB6165583}.Debug|Any CPU.ActiveCfg = Debug|Any CPU
		{60BE822B-F1EB-422C-9477-C71AB6165583}.Debug|Any CPU.Build.0 = Debug|Any CPU
		{60BE822B-F1EB-422C-9477-C71AB6165583}.Debug|x64.ActiveCfg = Debug|Any CPU
		{60BE822B-F1EB-422C-9477-C71AB6165583}.Debug|x64.Build.0 = Debug|Any CPU
		{60BE822B-F1EB-422C-9477-C71AB6165583}.Debug|x86.ActiveCfg = Debug|Any CPU
		{60BE822B-F1EB-422C-9477-C71AB6165583}.Debug|x86.Build.0 = Debug|Any CPU
		{60BE822B-F1EB-422C-9477-C71AB6165583}.Debug-x64|Any CPU.ActiveCfg = Debug|Any CPU
		{60BE822B-F1EB-422C-9477-C71AB6165583}.Debug-x64|Any CPU.Build.0 = Debug|Any CPU
		{60BE822B-F1EB-422C-9477-C71AB6165583}.Debug-x64|x64.ActiveCfg = Debug|Any CPU
		{60BE822B-F1EB-422C-9477-C71AB6165583}.Debug-x64|x64.Build.0 = Debug|Any CPU
		{60BE822B-F1EB-422C-9477-C71AB6165583}.Debug-x64|x86.ActiveCfg = Debug|Any CPU
		{60BE822B-F1EB-422C-9477-C71AB6165583}.Debug-x64|x86.Build.0 = Debug|Any CPU
		{60BE822B-F1EB-422C-9477-C71AB6165583}.Release|Any CPU.ActiveCfg = Release|Any CPU
		{60BE822B-F1EB-422C-9477-C71AB6165583}.Release|Any CPU.Build.0 = Release|Any CPU
		{60BE822B-F1EB-422C-9477-C71AB6165583}.Release|x64.ActiveCfg = Release|Any CPU
		{60BE822B-F1EB-422C-9477-C71AB6165583}.Release|x64.Build.0 = Release|Any CPU
		{60BE822B-F1EB-422C-9477-C71AB6165583}.Release|x86.ActiveCfg = Release|Any CPU
		{60BE822B-F1EB-422C-9477-C71AB6165583}.Release|x86.Build.0 = Release|Any CPU
	EndGlobalSection
	GlobalSection(SolutionProperties) = preSolution
		HideSolutionNode = FALSE
	EndGlobalSection
	GlobalSection(NestedProjects) = preSolution
		{71F289FA-0EF8-4F72-A26E-A8280C0931C5} = {36371756-8DDA-41A4-BB9A-B7651459ADC1}
		{71196848-ED41-4A9A-944C-F5776A9EFA07} = {D5E764E7-2719-4937-AC10-0D2D789A1134}
		{D7DD340F-1EE2-4F8A-AA3E-A8FC76098AD6} = {D5E764E7-2719-4937-AC10-0D2D789A1134}
		{85972CEA-4AB1-45DC-922C-00C4E17764B5} = {B766E918-7350-473A-B28D-63C344385924}
		{3F9AB6CE-3AD1-40B6-B2AA-C4D82F76258F} = {36371756-8DDA-41A4-BB9A-B7651459ADC1}
		{60BE822B-F1EB-422C-9477-C71AB6165583} = {36371756-8DDA-41A4-BB9A-B7651459ADC1}
	EndGlobalSection
	GlobalSection(ExtensibilityGlobals) = postSolution
		SolutionGuid = {0A99E91A-ADAB-45C3-8170-2656140F6EFA}
	EndGlobalSection
EndGlobal
