{
  "name": "ws",
  "lockfileVersion": 3,
  "requires": true,
  "packages": {
    "": {
      "dependencies": {
        "@maximegris/node-websockify": "^1.0.7"
      }
    },
    "node_modules/@maximegris/node-websockify": {
      "version": "1.0.7",
      "resolved": "https://registry.npmjs.org/@maximegris/node-websockify/-/node-websockify-1.0.7.tgz",
      "integrity": "sha512-UIrO+wxxiBxWwIr63eCt8w0aXBGL2BM1pbibW/8m5Zh3Q9VxXPUjnu2c/1sgFyWRfvZfGIbkAa4JxUQXzf2Evw==",
      "dependencies": {
        "mime": "2.4.4",
        "ws": "7.2.1"
      },
      "bin": {
        "websockify": "websockify.js"
      },
      "engines": {
        "node": ">=0.8.9"
      }
    },
    "node_modules/mime": {
      "version": "2.4.4",
      "resolved": "https://registry.npmjs.org/mime/-/mime-2.4.4.tgz",
      "integrity": "sha512-LRxmNwziLPT828z+4YkNzloCFC2YM4wrB99k+AV5ZbEyfGNWfG8SO1FUXLmLDBSo89NrJZ4DIWeLjy1CHGhMGA==",
      "bin": {
        "mime": "cli.js"
      },
      "engines": {
        "node": ">=4.0.0"
      }
    },
    "node_modules/ws": {
      "version": "7.5.10",
      "resolved": "https://registry.npmjs.org/ws/-/ws-7.5.10.tgz",
      "integrity": "sha512-+dbF1tHwZpXcbOJdVOkzLDxZP1ailvSxM6ZweXTegylPny803bFhA+vqBYw4s31NSAk4S2Qz+AKXK9a4wkdjcQ==",
      "engines": {
        "node": ">=8.3.0"
      },
      "peerDependencies": {
        "bufferutil": "^4.0.1",
        "utf-8-validate": "^5.0.2"
      },
      "peerDependenciesMeta": {
        "bufferutil": {
          "optional": true
        },
        "utf-8-validate": {
          "optional": true
        }
      }
    }
  }
}
