
Microsoft Visual Studio Solution File, Format Version 12.00
# Visual Studio Version 17
VisualStudioVersion = 17.5.2.0
MinimumVisualStudioVersion = 10.0.40219.1
Project("{9A19103F-16F7-4668-BE54-9A1E7A4F7556}") = "MyPlugin", "MyPlugin.csproj", "{67C8ACB1-703F-4867-A77C-786944CFE6E3}"
EndProject
Global
	GlobalSection(SolutionConfigurationPlatforms) = preSolution
		Debug|Any CPU = Debug|Any CPU
		Release|Any CPU = Release|Any CPU
	EndGlobalSection
	GlobalSection(ProjectConfigurationPlatforms) = postSolution
		{67C8ACB1-703F-4867-A77C-786944CFE6E3}.Debug|Any CPU.ActiveCfg = Debug|Any CPU
		{67C8ACB1-703F-4867-A77C-786944CFE6E3}.Debug|Any CPU.Build.0 = Debug|Any CPU
		{67C8ACB1-703F-4867-A77C-786944CFE6E3}.Release|Any CPU.ActiveCfg = Release|Any CPU
		{67C8ACB1-703F-4867-A77C-786944CFE6E3}.Release|Any CPU.Build.0 = Release|Any CPU
	EndGlobalSection
	GlobalSection(SolutionProperties) = preSolution
		HideSolutionNode = FALSE
	EndGlobalSection
	GlobalSection(ExtensibilityGlobals) = postSolution
		SolutionGuid = {81085D30-5FC1-402D-99F7-25117D0CBA44}
	EndGlobalSection
EndGlobal
